
Microsoft Visual Studio Solution File, Format Version 12.00
# Visual Studio Version 16
VisualStudioVersion = 16.0.31729.503
MinimumVisualStudioVersion = 10.0.40219.1
Project("{FAE04EC0-301F-11D3-BF4B-00C04F79EFBC}") = "Hash2", "Hash2\Hash2.csproj", "{61AFD23E-C7FA-415E-B5C3-1E0E926DD0D0}"
EndProject
Global
	GlobalSection(SolutionConfigurationPlatforms) = preSolution
		Debug|Any CPU = Debug|Any CPU
		Release|Any CPU = Release|Any CPU
	EndGlobalSection
	GlobalSection(ProjectConfigurationPlatforms) = postSolution
		{61AFD23E-C7FA-415E-B5C3-1E0E926DD0D0}.Debug|Any CPU.ActiveCfg = Debug|Any CPU
		{61AFD23E-C7FA-415E-B5C3-1E0E926DD0D0}.Debug|Any CPU.Build.0 = Debug|Any CPU
		{61AFD23E-C7FA-415E-B5C3-1E0E926DD0D0}.Release|Any CPU.ActiveCfg = Release|Any CPU
		{61AFD23E-C7FA-415E-B5C3-1E0E926DD0D0}.Release|Any CPU.Build.0 = Release|Any CPU
	EndGlobalSection
	GlobalSection(SolutionProperties) = preSolution
		HideSolutionNode = FALSE
	EndGlobalSection
	GlobalSection(ExtensibilityGlobals) = postSolution
		SolutionGuid = {C62EA083-D5A5-4D00-8C35-CD85497F3983}
	EndGlobalSection
EndGlobal
